
Microsoft Visual Studio Solution File, Format Version 12.00
# Visual Studio Version 16
VisualStudioVersion = 16.0.30104.148
MinimumVisualStudioVersion = 10.0.40219.1
Project("{FAE04EC0-301F-11D3-BF4B-00C04F79EFBC}") = "OS_Lab5", "OS_Lab5.csproj", "{BB458788-F35B-4FE9-84BE-B7F2612DE556}"
EndProject
Global
	GlobalSection(SolutionConfigurationPlatforms) = preSolution
		Debug|Any CPU = Debug|Any CPU
		Release|Any CPU = Release|Any CPU
	EndGlobalSection
	GlobalSection(ProjectConfigurationPlatforms) = postSolution
		{BB458788-F35B-4FE9-84BE-B7F2612DE556}.Debug|Any CPU.ActiveCfg = Debug|Any CPU
		{BB458788-F35B-4FE9-84BE-B7F2612DE556}.Debug|Any CPU.Build.0 = Debug|Any CPU
		{BB458788-F35B-4FE9-84BE-B7F2612DE556}.Release|Any CPU.ActiveCfg = Release|Any CPU
		{BB458788-F35B-4FE9-84BE-B7F2612DE556}.Release|Any CPU.Build.0 = Release|Any CPU
	EndGlobalSection
	GlobalSection(SolutionProperties) = preSolution
		HideSolutionNode = FALSE
	EndGlobalSection
	GlobalSection(ExtensibilityGlobals) = postSolution
		SolutionGuid = {CBC59172-6C3E-46DD-8ED7-596D9310FF5E}
	EndGlobalSection
EndGlobal
